{
    "_meta": {
        "hash": {
            "sha256": "d77f665db2b0f15c3429cf50885a6e744b912aaaa97860c02e4a7380741ce834"
        },
        "pipfile-spec": 6,
        "requires": {
            "python_version": "3"
        },
        "sources": [
            {
                "name": "pypi",
                "url": "https://pypi.org/simple",
                "verify_ssl": true
            }
        ]
    },
    "default": {
        "arrow": {
            "hashes": [
                "sha256:6b2914ef3997d1fd7b37a71ce9dd61a6e329d09e1c7b44f4d3099ca4a5c0933e",
                "sha256:c2dde3c382d9f7e6922ce636bf0b318a7a853df40ecb383b29192e6c5cc82840"
            ],
            "markers": "python_version >= '3.6'",
            "version": "==1.2.1"
        },
        "asgiref": {
            "hashes": [
                "sha256:4ef1ab46b484e3c706329cedeff284a5d40824200638503f5768edb6de7d58e9",
                "sha256:ffc141aa908e6f175673e7b1b3b7af4fdb0ecb738fc5c8b88f69f055c2415214"
            ],
            "markers": "python_version >= '3.6'",
            "version": "==3.4.1"
        },
        "beautifulsoup4": {
            "hashes": [
                "sha256:9a315ce70049920ea4572a4055bc4bd700c940521d36fc858205ad4fcde149bf",
                "sha256:c23ad23c521d818955a4151a67d81580319d4bf548d3d49f4223ae041ff98891"
            ],
            "index": "pypi",
            "version": "==4.10.0"
        },
        "bitarray": {
            "hashes": [
                "sha256:f19c62425576d3d1821ed711b94d1a4e5ede8f05ca121e99b6d978ed49c7a765"
            ],
            "version": "==2.3.4"
        },
        "blessed": {
            "hashes": [
                "sha256:1f2d462631b2b6d2d4c3c65b54ef79ad87a6ca2dd55255df2f8d739fcc8a1ddb",
                "sha256:4db0f94e5761aea330b528e84a250027ffe996b5a94bf03e502600c9a5ad7a61"
            ],
            "markers": "python_version >= '2.7'",
            "version": "==1.19.0"
        },
        "certifi": {
            "hashes": [
                "sha256:78884e7c1d4b00ce3cea67b44566851c4343c120abd683433ce934a68ea58872",
                "sha256:d62a0163eb4c2344ac042ab2bdf75399a71a2d8c7d47eac2e2ee91b9d6339569"
            ],
            "version": "==2021.10.8"
        },
        "charset-normalizer": {
            "hashes": [
                "sha256:e019de665e2bcf9c2b64e2e5aa025fa991da8720daa3c1138cadd2fd1856aed0",
                "sha256:f7af805c321bfa1ce6714c51f254e0d5bb5e5834039bc17db7ebe3a4cec9492b"
            ],
            "markers": "python_version >= '3'",
            "version": "==2.0.7"
        },
        "croniter": {
            "hashes": [
                "sha256:0f97b361fe343301a8f66f852e7d84e4fb7f21379948f71e1bbfe10f5d015fbd",
                "sha256:a70dfc9d52de9fc1a886128b9148c89dd9e76b67d55f46516ca94d2d73d58219"
            ],
            "index": "pypi",
            "version": "==1.0.15"
        },
        "django": {
            "hashes": [
                "sha256:51284300f1522ffcdb07ccbdf676a307c6678659e1284f0618e5a774127a6a08",
                "sha256:e22c9266da3eec7827737cde57694d7db801fedac938d252bf27377cec06ed1b"
            ],
            "index": "pypi",
            "version": "==3.2.9"
        },
        "django-cors-headers": {
            "hashes": [
                "sha256:cba6e99659abb0e47cc4aaabb8fcde03f193e6bb3b92ba47c5185ec4cedc5d9e",
                "sha256:cd6f4360f5246569c149dc1c40c907c191f1ec45551e10d2a2e2e68512652f78"
            ],
            "index": "pypi",
            "version": "==3.10.0"
        },
        "django-modeltranslation": {
            "hashes": [
                "sha256:fdbb32edcf92b82c934b336c5fd0e0ecf68bd9ce56fc55b172a617edf9c252cd"
            ],
            "index": "pypi",
            "version": "==0.17.3"
        },
        "django-picklefield": {
            "hashes": [
                "sha256:15ccba592ca953b9edf9532e64640329cd47b136b7f8f10f2939caa5f9ce4287",
                "sha256:3c702a54fde2d322fe5b2f39b8f78d9f655b8f77944ab26f703be6c0ed335a35"
            ],
            "markers": "python_version >= '3'",
            "version": "==3.0.1"
        },
        "django-q": {
            "extras": [
                "sentry"
            ],
            "hashes": [
                "sha256:1b74ce3a8931990b136903e3a7bc9b07243282a2b5355117246f05ed5d076e68",
                "sha256:5c6b4d530aa3aabf9c6aa57376da1ca2abf89a1562b77038b7a04e52a4a0a91b"
            ],
            "index": "pypi",
            "version": "==1.3.9"
        },
        "django-q-sentry": {
            "hashes": [
                "sha256:11d7870c40194be4e610d9a19bd310477421349be30410f7f26dfbf4e3b93d3b",
                "sha256:6417b03ff19bce50de256e9b6e947c37b870bf00ad9acea775c0ce6e006e58ef"
            ],
            "version": "==0.1.5"
        },
        "gunicorn": {
            "hashes": [
                "sha256:9dcc4547dbb1cb284accfb15ab5667a0e5d1881cc443e0677b4882a4067a807e",
                "sha256:e0a968b5ba15f8a328fdfd7ab1fcb5af4470c28aaf7e55df02a99bc13138e6e8"
            ],
            "index": "pypi",
            "version": "==20.1.0"
        },
        "idna": {
            "hashes": [
                "sha256:84d9dd047ffa80596e0f246e2eab0b391788b0503584e8945f2368256d2735ff",
                "sha256:9d643ff0a55b762d5cdb124b8eaa99c66322e2157b69160bc32796e824360e6d"
            ],
            "markers": "python_version >= '3'",
            "version": "==3.3"
        },
        "mysqlclient": {
            "hashes": [
                "sha256:0ac0dd759c4ca02c35a9fedc24bc982cf75171651e8187c2495ec957a87dfff7",
                "sha256:3381ca1a4f37ff1155fcfde20836b46416d66531add8843f6aa6d968982731c3",
                "sha256:71c4b330cf2313bbda0307fc858cc9055e64493ba9bf28454d25cf8b3ee8d7f5",
                "sha256:f6ebea7c008f155baeefe16c56cd3ee6239f7a5a9ae42396c2f1860f08a7c432",
                "sha256:fc575093cf81b6605bed84653e48b277318b880dc9becf42dd47fa11ffd3e2b6"
            ],
            "index": "pypi",
            "version": "==2.0.3"
        },
        "pdfreader": {
            "hashes": [
                "sha256:6ac7c84c008d7371b9e4c18ebaf108ab28fd2ee3b6894cda7e7f317d4ab77e18"
            ],
            "index": "pypi",
            "version": "==0.1.10"
        },
        "pillow": {
            "hashes": [
                "sha256:066f3999cb3b070a95c3652712cffa1a748cd02d60ad7b4e485c3748a04d9d76",
                "sha256:0a0956fdc5defc34462bb1c765ee88d933239f9a94bc37d132004775241a7585",
                "sha256:0b052a619a8bfcf26bd8b3f48f45283f9e977890263e4571f2393ed8898d331b",
                "sha256:1394a6ad5abc838c5cd8a92c5a07535648cdf6d09e8e2d6df916dfa9ea86ead8",
                "sha256:1bc723b434fbc4ab50bb68e11e93ce5fb69866ad621e3c2c9bdb0cd70e345f55",
                "sha256:244cf3b97802c34c41905d22810846802a3329ddcb93ccc432870243211c79fc",
                "sha256:25a49dc2e2f74e65efaa32b153527fc5ac98508d502fa46e74fa4fd678ed6645",
                "sha256:2e4440b8f00f504ee4b53fe30f4e381aae30b0568193be305256b1462216feff",
                "sha256:3862b7256046fcd950618ed22d1d60b842e3a40a48236a5498746f21189afbbc",
                "sha256:3eb1ce5f65908556c2d8685a8f0a6e989d887ec4057326f6c22b24e8a172c66b",
                "sha256:3f97cfb1e5a392d75dd8b9fd274d205404729923840ca94ca45a0af57e13dbe6",
                "sha256:493cb4e415f44cd601fcec11c99836f707bb714ab03f5ed46ac25713baf0ff20",
                "sha256:4acc0985ddf39d1bc969a9220b51d94ed51695d455c228d8ac29fcdb25810e6e",
                "sha256:5503c86916d27c2e101b7f71c2ae2cddba01a2cf55b8395b0255fd33fa4d1f1a",
                "sha256:5b7bb9de00197fb4261825c15551adf7605cf14a80badf1761d61e59da347779",
                "sha256:5e9ac5f66616b87d4da618a20ab0a38324dbe88d8a39b55be8964eb520021e02",
                "sha256:620582db2a85b2df5f8a82ddeb52116560d7e5e6b055095f04ad828d1b0baa39",
                "sha256:62cc1afda735a8d109007164714e73771b499768b9bb5afcbbee9d0ff374b43f",
                "sha256:70ad9e5c6cb9b8487280a02c0ad8a51581dcbbe8484ce058477692a27c151c0a",
                "sha256:72b9e656e340447f827885b8d7a15fc8c4e68d410dc2297ef6787eec0f0ea409",
                "sha256:72cbcfd54df6caf85cc35264c77ede902452d6df41166010262374155947460c",
                "sha256:792e5c12376594bfcb986ebf3855aa4b7c225754e9a9521298e460e92fb4a488",
                "sha256:7b7017b61bbcdd7f6363aeceb881e23c46583739cb69a3ab39cb384f6ec82e5b",
                "sha256:81f8d5c81e483a9442d72d182e1fb6dcb9723f289a57e8030811bac9ea3fef8d",
                "sha256:82aafa8d5eb68c8463b6e9baeb4f19043bb31fefc03eb7b216b51e6a9981ae09",
                "sha256:84c471a734240653a0ec91dec0996696eea227eafe72a33bd06c92697728046b",
                "sha256:8c803ac3c28bbc53763e6825746f05cc407b20e4a69d0122e526a582e3b5e153",
                "sha256:93ce9e955cc95959df98505e4608ad98281fff037350d8c2671c9aa86bcf10a9",
                "sha256:9a3e5ddc44c14042f0844b8cf7d2cd455f6cc80fd7f5eefbe657292cf601d9ad",
                "sha256:a4901622493f88b1a29bd30ec1a2f683782e57c3c16a2dbc7f2595ba01f639df",
                "sha256:a5a4532a12314149d8b4e4ad8ff09dde7427731fcfa5917ff16d0291f13609df",
                "sha256:b8831cb7332eda5dc89b21a7bce7ef6ad305548820595033a4b03cf3091235ed",
                "sha256:b8e2f83c56e141920c39464b852de3719dfbfb6e3c99a2d8da0edf4fb33176ed",
                "sha256:c70e94281588ef053ae8998039610dbd71bc509e4acbc77ab59d7d2937b10698",
                "sha256:c8a17b5d948f4ceeceb66384727dde11b240736fddeda54ca740b9b8b1556b29",
                "sha256:d82cdb63100ef5eedb8391732375e6d05993b765f72cb34311fab92103314649",
                "sha256:d89363f02658e253dbd171f7c3716a5d340a24ee82d38aab9183f7fdf0cdca49",
                "sha256:d99ec152570e4196772e7a8e4ba5320d2d27bf22fdf11743dd882936ed64305b",
                "sha256:ddc4d832a0f0b4c52fff973a0d44b6c99839a9d016fe4e6a1cb8f3eea96479c2",
                "sha256:e3dacecfbeec9a33e932f00c6cd7996e62f53ad46fbe677577394aaa90ee419a",
                "sha256:eb9fc393f3c61f9054e1ed26e6fe912c7321af2f41ff49d3f83d05bacf22cc78"
            ],
            "markers": "python_version >= '3.6'",
            "version": "==8.4.0"
        },
        "pycryptodome": {
            "hashes": [
                "sha256:014c758af7fa38cab85b357a496b76f4fc9dda1f731eb28358d66fef7ad4a3e1",
                "sha256:06162fcfed2f9deee8383fd59eaeabc7b7ffc3af50d3fad4000032deb8f700b0",
                "sha256:0ca7a6b4fc1f9fafe990b95c8cda89099797e2cfbf40e55607f2f2f5a3355dcb",
                "sha256:2a4bcc8a9977fee0979079cd33a9e9f0d3ddba5660d35ffe874cf84f1dd399d2",
                "sha256:3c7ed5b07274535979c730daf5817db5e983ea80b04c22579eee8da4ca3ae4f8",
                "sha256:4169ed515742425ff21e4bd3fabbb6994ffb64434472fb72230019bdfa36b939",
                "sha256:428096bbf7a77e207f418dfd4d7c284df8ade81d2dc80f010e92753a3e406ad0",
                "sha256:4ce6b09547bf2c7cede3a017f79502eaed3e819c13cdb3cb357aea1b004e4cc6",
                "sha256:53989477044be41fa4a63da09d5038c2a34b2f4554cfea2e3933b17186ee9e19",
                "sha256:621a90147a5e255fdc2a0fec2d56626b76b5d72ea9e60164c9a5a8976d45b0c9",
                "sha256:6db1f9fa1f52226621905f004278ce7bd90c8f5363ffd5d7ab3755363d98549a",
                "sha256:6eda8a3157c91ba60b26a07bedd6c44ab8bda6cd79b6b5ea9744ba62c39b7b1e",
                "sha256:75e78360d1dd6d02eb288fd8275bb4d147d6e3f5337935c096d11dba1fa84748",
                "sha256:7ff701fc283412e651eaab4319b3cd4eaa0827e94569cd37ee9075d5c05fe655",
                "sha256:8f3a60926be78422e662b0d0b18351b426ce27657101c8a50bad80300de6a701",
                "sha256:a843350d08c3d22f6c09c2f17f020d8dcfa59496165d7425a3fba0045543dda7",
                "sha256:ae29fcd56152f417bfba50a36a56a7a5f9fb74ff80bab98704cac704de6568ab",
                "sha256:ae31cb874f6f0cedbed457c6374e7e54d7ed45c1a4e11a65a9c80968da90a650",
                "sha256:b33c9b3d1327d821e28e9cc3a6512c14f8b17570ddb4cfb9a52247ed0fcc5d8b",
                "sha256:b59bf823cfafde8ef1105d8984f26d1694dff165adb7198b12e3e068d7999b15",
                "sha256:bc3c61ff92efdcc14af4a7b81da71d849c9acee51d8fd8ac9841a7620140d6c6",
                "sha256:ce81b9c6aaa0f920e2ab05eb2b9f4ccd102e3016b2f37125593b16a83a4b0cc2",
                "sha256:d7e5f6f692421e5219aa3b545eb0cffd832cd589a4b9dcd4a5eb4260e2c0d68a",
                "sha256:da796e9221dda61a0019d01742337eb8a322de8598b678a4344ca0a436380315",
                "sha256:ead516e03dfe062aefeafe4a29445a6449b0fc43bc8cb30194b2754917a63798",
                "sha256:ed45ef92d21db33685b789de2c015e9d9a18a74760a8df1fc152faee88cdf741",
                "sha256:f19edd42368e9057c39492947bb99570dc927123e210008f2af7cf9b505c6892",
                "sha256:f9bad2220b80b4ed74f089db012ab5ab5419143a33fad6c8aedcc2a9341eac70",
                "sha256:fce7e22d96030b35345637c563246c24d4513bd3b413e1c40293114837ab8912",
                "sha256:ffd0cac13ff41f2d15ed39dc6ba1d2ad88dd2905d656c33d8235852f5d6151fd"
            ],
            "markers": "python_version >= '2.7' and python_version not in '3.0, 3.1, 3.2, 3.3, 3.4'",
            "version": "==3.11.0"
        },
        "python-dateutil": {
            "hashes": [
                "sha256:0123cacc1627ae19ddf3c27a5de5bd67ee4586fbdd6440d9748f8abb483d3e86",
                "sha256:961d03dc3453ebbc59dbdea9e4e11c5651520a876d0f4db161e8674aae935da9"
            ],
            "markers": "python_version >= '2.7' and python_version not in '3.0, 3.1, 3.2, 3.3'",
            "version": "==2.8.2"
        },
        "python-dotenv": {
            "hashes": [
                "sha256:14f8185cc8d494662683e6914addcb7e95374771e707601dfc70166946b4c4b8",
                "sha256:bbd3da593fc49c249397cbfbcc449cf36cb02e75afc8157fcc6a81df6fb7750a"
            ],
            "index": "pypi",
            "version": "==0.19.1"
        },
        "pytz": {
            "hashes": [
                "sha256:3672058bc3453457b622aab7a1c3bfd5ab0bdae451512f6cf25f64ed37f5b87c",
                "sha256:acad2d8b20a1af07d4e4c9d2e9285c5ed9104354062f275f3fcd88dcef4f1326"
            ],
            "version": "==2021.3"
        },
        "redis": {
            "hashes": [
                "sha256:0e7e0cfca8660dea8b7d5cd8c4f6c5e29e11f31158c0b0ae91a397f00e5a05a2",
                "sha256:432b788c4530cfe16d8d943a09d40ca6c16149727e4afe8c2c9d5580c59d9f24"
            ],
            "markers": "python_version >= '2.7' and python_version not in '3.0, 3.1, 3.2, 3.3, 3.4'",
            "version": "==3.5.3"
        },
        "requests": {
            "hashes": [
                "sha256:6c1246513ecd5ecd4528a0906f910e8f0f9c6b8ec72030dc9fd154dc1a6efd24",
                "sha256:b8aa58f8cf793ffd8782d3d8cb19e66ef36f7aba4353eec859e74678b01b07a7"
            ],
            "index": "pypi",
            "version": "==2.26.0"
        },
        "sentry-sdk": {
            "hashes": [
                "sha256:b9844751e40710e84a457c5bc29b21c383ccb2b63d76eeaad72f7f1c808c8828",
                "sha256:c091cc7115ff25fe3a0e410dbecd7a996f81a3f6137d2272daef32d6c3cfa6dc"
            ],
            "index": "pypi",
            "version": "==1.4.3"
        },
        "six": {
            "hashes": [
                "sha256:1e61c37477a1626458e36f7b1d82aa5c9b094fa4802892072e49de9c60c4c926",
                "sha256:8abb2f1d86890a2dfb989f9a77cfcfd3e47c2a354b01111771326f8aa26e0254"
            ],
            "markers": "python_version >= '2.7' and python_version not in '3.0, 3.1, 3.2, 3.3'",
            "version": "==1.16.0"
        },
        "soupsieve": {
            "hashes": [
                "sha256:617ffc4d0dfd39c66f4d1413a6e165663a34eca86be9b54f97b91756300ff6df",
                "sha256:e4860f889dfa88774c07da0b276b70c073b6470fa1a4a8350800bb7bce3dcc76"
            ],
            "markers": "python_version >= '3.6'",
            "version": "==2.3"
        },
        "sqlparse": {
            "hashes": [
                "sha256:0c00730c74263a94e5a9919ade150dfc3b19c574389985446148402998287dae",
                "sha256:48719e356bb8b42991bdbb1e8b83223757b93789c00910a616a071910ca4a64d"
            ],
            "markers": "python_version >= '3.5'",
            "version": "==0.4.2"
        },
        "urllib3": {
            "hashes": [
                "sha256:4987c65554f7a2dbf30c18fd48778ef124af6fab771a377103da0585e2336ece",
                "sha256:c4fdf4019605b6e5423637e01bc9fe4daef873709a7973e195ceba0a62bbc844"
            ],
            "markers": "python_version >= '2.7' and python_version not in '3.0, 3.1, 3.2, 3.3, 3.4' and python_version < '4'",
            "version": "==1.26.7"
        },
        "wcwidth": {
            "hashes": [
                "sha256:beb4802a9cebb9144e99086eff703a642a13d6a0052920003a230f3294bbe784",
                "sha256:c4d647b99872929fdb7bdcaa4fbe7f01413ed3d98077df798530e5b04f116c83"
            ],
            "version": "==0.2.5"
        }
    },
    "develop": {}
}
