{
    "_meta": {
        "hash": {
            "sha256": "7544e5cef95df4eb868a2bdfe1f7be7baa96f306bc9135f09a8c7390d2daae26"
        },
        "pipfile-spec": 6,
        "requires": {
            "python_version": "3"
        },
        "sources": [
            {
                "name": "pypi",
                "url": "https://pypi.org/simple",
                "verify_ssl": true
            }
        ]
    },
    "default": {
        "aniso8601": {
            "hashes": [
                "sha256:1d2b7ef82963909e93c4f24ce48d4de9e66009a21bf1c1e1c85bdd0812fe412f",
                "sha256:72e3117667eedf66951bb2d93f4296a56b94b078a8a95905a052611fb3f1b973"
            ],
            "version": "==9.0.1"
        },
        "arrow": {
            "hashes": [
                "sha256:6b2914ef3997d1fd7b37a71ce9dd61a6e329d09e1c7b44f4d3099ca4a5c0933e",
                "sha256:c2dde3c382d9f7e6922ce636bf0b318a7a853df40ecb383b29192e6c5cc82840"
            ],
            "markers": "python_version >= '3.6'",
            "version": "==1.2.1"
        },
        "asgiref": {
            "hashes": [
                "sha256:2f8abc20f7248433085eda803936d98992f1343ddb022065779f37c5da0181d0",
                "sha256:88d59c13d634dcffe0510be048210188edd79aeccb6a6c9028cdad6f31d730a9"
            ],
            "markers": "python_version >= '3.7'",
            "version": "==3.5.0"
        },
        "beautifulsoup4": {
            "hashes": [
                "sha256:9a315ce70049920ea4572a4055bc4bd700c940521d36fc858205ad4fcde149bf",
                "sha256:c23ad23c521d818955a4151a67d81580319d4bf548d3d49f4223ae041ff98891"
            ],
            "index": "pypi",
            "version": "==4.10.0"
        },
        "bitarray": {
            "hashes": [
                "sha256:60285184cb02fdba5e1cc8605ac84e150a50f940e9383ab43564e5258d1f47bb"
            ],
            "version": "==2.3.5"
        },
        "blessed": {
            "hashes": [
                "sha256:63b8554ae2e0e7f43749b6715c734cc8f3883010a809bf16790102563e6cf25b",
                "sha256:9a0d099695bf621d4680dd6c73f6ad547f6a3442fbdbe80c4b1daa1edbc492fc"
            ],
            "markers": "python_version >= '2.7'",
            "version": "==1.19.1"
        },
        "certifi": {
            "hashes": [
                "sha256:78884e7c1d4b00ce3cea67b44566851c4343c120abd683433ce934a68ea58872",
                "sha256:d62a0163eb4c2344ac042ab2bdf75399a71a2d8c7d47eac2e2ee91b9d6339569"
            ],
            "version": "==2021.10.8"
        },
        "charset-normalizer": {
            "hashes": [
                "sha256:876d180e9d7432c5d1dfd4c5d26b72f099d503e8fcc0feb7532c9289be60fcbd",
                "sha256:cb957888737fc0bbcd78e3df769addb41fd1ff8cf950dc9e7ad7793f1bf44455"
            ],
            "markers": "python_version >= '3'",
            "version": "==2.0.10"
        },
        "croniter": {
            "hashes": [
                "sha256:094422f6aeb9ed646714393503fa388afe4f846e110e1997fea5794e2085c2d7",
                "sha256:c214aa35c0de6048f2e3eddb6cb7812c99fcb4039f37f559a4b2d62edcb0d157"
            ],
            "index": "pypi",
            "version": "==1.2.0"
        },
        "django": {
            "hashes": [
                "sha256:2485eea3cc4c3bae13080dee866ebf90ba9f98d1afe8fda89bfb0eb2e218ef86",
                "sha256:7cd8e8a3ed2bc0dfda05ce1e53a9c81b30eefd7aa350e538a18884475e4d4ce2"
            ],
            "index": "pypi",
            "version": "==4.0.1"
        },
        "django-cors-headers": {
            "hashes": [
                "sha256:a22be2befd4069c4fc174f11cf067351df5c061a3a5f94a01650b4e928b0372b",
                "sha256:eb98389bf7a2afc5d374806af4a9149697e3a6955b5a2dc2bf049f7d33647456"
            ],
            "index": "pypi",
            "version": "==3.11.0"
        },
        "django-filter": {
            "hashes": [
                "sha256:632a251fa8f1aadb4b8cceff932bb52fe2f826dd7dfe7f3eac40e5c463d6836e",
                "sha256:f4a6737a30104c98d2e2a5fb93043f36dd7978e0c7ddc92f5998e85433ea5063"
            ],
            "index": "pypi",
            "version": "==21.1"
        },
        "django-modeltranslation": {
            "hashes": [
                "sha256:fdbb32edcf92b82c934b336c5fd0e0ecf68bd9ce56fc55b172a617edf9c252cd"
            ],
            "index": "pypi",
            "version": "==0.17.3"
        },
        "django-picklefield": {
            "hashes": [
                "sha256:15ccba592ca953b9edf9532e64640329cd47b136b7f8f10f2939caa5f9ce4287",
                "sha256:3c702a54fde2d322fe5b2f39b8f78d9f655b8f77944ab26f703be6c0ed335a35"
            ],
            "markers": "python_version >= '3'",
            "version": "==3.0.1"
        },
        "django-q": {
            "extras": [
                "sentry"
            ],
            "hashes": [
                "sha256:1b74ce3a8931990b136903e3a7bc9b07243282a2b5355117246f05ed5d076e68",
                "sha256:5c6b4d530aa3aabf9c6aa57376da1ca2abf89a1562b77038b7a04e52a4a0a91b"
            ],
            "index": "pypi",
            "version": "==1.3.9"
        },
        "django-q-sentry": {
            "hashes": [
                "sha256:11d7870c40194be4e610d9a19bd310477421349be30410f7f26dfbf4e3b93d3b",
                "sha256:6417b03ff19bce50de256e9b6e947c37b870bf00ad9acea775c0ce6e006e58ef"
            ],
            "version": "==0.1.5"
        },
        "graphene": {
            "hashes": [
                "sha256:57ce5ee7c9dc194224a1df96e4f7cb48d31eae96c791091d059f8f3d4d131390",
                "sha256:af48066e152200a071aac1e0b703954c717ec7268720ba190a0c91d9bcb0a122"
            ],
            "version": "==3.0"
        },
        "graphene-django": {
            "hashes": [
                "sha256:0f226ec7db744a54dbc5d6db2aa52d945701ae800e1055046dec2b76a539550a",
                "sha256:b1a4ce1a2227b1e77f67f0bc2fadd59c1d05016cb9aced45ab65f8612fba2c87"
            ],
            "index": "pypi",
            "version": "==3.0.0b7"
        },
        "graphql-core": {
            "hashes": [
                "sha256:62ec192150ccecd9a18cfb79e3e72eb7d1fd68fb594ef19c40099b6deec8ef0c",
                "sha256:9b460f60320be01c7f3b1766cf3e406933003008055079b9d983b8f3988f4400"
            ],
            "markers": "python_version >= '3.6' and python_version < '4'",
            "version": "==3.1.7"
        },
        "graphql-relay": {
            "hashes": [
                "sha256:2cda0ac0199dd56c28ca4f6e0381cdcf5787809c06d1507df3c2a738f9ad846f",
                "sha256:70d5a7ee5995ea7c2a9a37e51227663b1a464f1f40e98fdde950be5415dfe0b4"
            ],
            "index": "pypi",
            "version": "==3.1.0"
        },
        "gunicorn": {
            "hashes": [
                "sha256:9dcc4547dbb1cb284accfb15ab5667a0e5d1881cc443e0677b4882a4067a807e",
                "sha256:e0a968b5ba15f8a328fdfd7ab1fcb5af4470c28aaf7e55df02a99bc13138e6e8"
            ],
            "index": "pypi",
            "version": "==20.1.0"
        },
        "idna": {
            "hashes": [
                "sha256:84d9dd047ffa80596e0f246e2eab0b391788b0503584e8945f2368256d2735ff",
                "sha256:9d643ff0a55b762d5cdb124b8eaa99c66322e2157b69160bc32796e824360e6d"
            ],
            "markers": "python_version >= '3'",
            "version": "==3.3"
        },
        "mysqlclient": {
            "hashes": [
                "sha256:02c8826e6add9b20f4cb12dcf016485f7b1d6e30356a1204d05431867a1b3947",
                "sha256:2c8410f54492a3d2488a6a53e2d85b7e016751a1e7d116e7aea9c763f59f5e8c",
                "sha256:973235686f1b720536d417bf0a0d39b4ab3d5086b2b6ad5e6752393428c02b12",
                "sha256:b62d23c11c516cedb887377c8807628c1c65d57593b57853186a6ee18b0c6a5b",
                "sha256:e6279263d5a9feca3e0edbc2b2a52c057375bf301d47da2089c075ff76331d14"
            ],
            "index": "pypi",
            "version": "==2.1.0"
        },
        "pdfreader": {
            "hashes": [
                "sha256:6ac7c84c008d7371b9e4c18ebaf108ab28fd2ee3b6894cda7e7f317d4ab77e18"
            ],
            "index": "pypi",
            "version": "==0.1.10"
        },
        "pillow": {
            "hashes": [
                "sha256:03b27b197deb4ee400ed57d8d4e572d2d8d80f825b6634daf6e2c18c3c6ccfa6",
                "sha256:0b281fcadbb688607ea6ece7649c5d59d4bbd574e90db6cd030e9e85bde9fecc",
                "sha256:0ebd8b9137630a7bbbff8c4b31e774ff05bbb90f7911d93ea2c9371e41039b52",
                "sha256:113723312215b25c22df1fdf0e2da7a3b9c357a7d24a93ebbe80bfda4f37a8d4",
                "sha256:2d16b6196fb7a54aff6b5e3ecd00f7c0bab1b56eee39214b2b223a9d938c50af",
                "sha256:2fd8053e1f8ff1844419842fd474fc359676b2e2a2b66b11cc59f4fa0a301315",
                "sha256:31b265496e603985fad54d52d11970383e317d11e18e856971bdbb86af7242a4",
                "sha256:3586e12d874ce2f1bc875a3ffba98732ebb12e18fb6d97be482bd62b56803281",
                "sha256:47f5cf60bcb9fbc46011f75c9b45a8b5ad077ca352a78185bd3e7f1d294b98bb",
                "sha256:490e52e99224858f154975db61c060686df8a6b3f0212a678e5d2e2ce24675c9",
                "sha256:500d397ddf4bbf2ca42e198399ac13e7841956c72645513e8ddf243b31ad2128",
                "sha256:52abae4c96b5da630a8b4247de5428f593465291e5b239f3f843a911a3cf0105",
                "sha256:6579f9ba84a3d4f1807c4aab4be06f373017fc65fff43498885ac50a9b47a553",
                "sha256:68e06f8b2248f6dc8b899c3e7ecf02c9f413aab622f4d6190df53a78b93d97a5",
                "sha256:6c5439bfb35a89cac50e81c751317faea647b9a3ec11c039900cd6915831064d",
                "sha256:72c3110228944019e5f27232296c5923398496b28be42535e3b2dc7297b6e8b6",
                "sha256:72f649d93d4cc4d8cf79c91ebc25137c358718ad75f99e99e043325ea7d56100",
                "sha256:7aaf07085c756f6cb1c692ee0d5a86c531703b6e8c9cae581b31b562c16b98ce",
                "sha256:80fe92813d208ce8aa7d76da878bdc84b90809f79ccbad2a288e9bcbeac1d9bd",
                "sha256:95545137fc56ce8c10de646074d242001a112a92de169986abd8c88c27566a05",
                "sha256:97b6d21771da41497b81652d44191489296555b761684f82b7b544c49989110f",
                "sha256:98cb63ca63cb61f594511c06218ab4394bf80388b3d66cd61d0b1f63ee0ea69f",
                "sha256:9f3b4522148586d35e78313db4db0df4b759ddd7649ef70002b6c3767d0fdeb7",
                "sha256:a09a9d4ec2b7887f7a088bbaacfd5c07160e746e3d47ec5e8050ae3b2a229e9f",
                "sha256:b5050d681bcf5c9f2570b93bee5d3ec8ae4cf23158812f91ed57f7126df91762",
                "sha256:bb47a548cea95b86494a26c89d153fd31122ed65255db5dcbc421a2d28eb3379",
                "sha256:bc462d24500ba707e9cbdef436c16e5c8cbf29908278af053008d9f689f56dee",
                "sha256:c2067b3bb0781f14059b112c9da5a91c80a600a97915b4f48b37f197895dd925",
                "sha256:d154ed971a4cc04b93a6d5b47f37948d1f621f25de3e8fa0c26b2d44f24e3e8f",
                "sha256:d5dcea1387331c905405b09cdbfb34611050cc52c865d71f2362f354faee1e9f",
                "sha256:ee6e2963e92762923956fe5d3479b1fdc3b76c83f290aad131a2f98c3df0593e",
                "sha256:fd0e5062f11cb3e730450a7d9f323f4051b532781026395c4323b8ad055523c4"
            ],
            "markers": "python_version >= '3.7'",
            "version": "==9.0.0"
        },
        "promise": {
            "hashes": [
                "sha256:dfd18337c523ba4b6a58801c164c1904a9d4d1b1747c7d5dbf45b693a49d93d0"
            ],
            "version": "==2.3"
        },
        "pycryptodome": {
            "hashes": [
                "sha256:008ef2c631f112cd5a58736e0b29f4a28b4bb853e68878689f8b476fd56e0691",
                "sha256:073dedf0f9c490ae22ca081b86357646ac9b76f3e2bd89119d137fc697a9e3b6",
                "sha256:0896d5d15ffe584d46cb9b69a75cf14a2bc8f6daf635b7bf16c1b041342a44b1",
                "sha256:1fb7a6f222072412f320b9e48d3ce981920efbfce37b06d028ec9bd94093b37f",
                "sha256:4f1b594d0cf35bd12ec4244df1155a7f565bf6e6245976ac36174c1564688c90",
                "sha256:51ebe9624ad0a0b4da1aaaa2d43aabadf8537737fd494cee0ffa37cd6326de02",
                "sha256:681ac47c538c64305d710eaed2bb49532f62b3f4c93aa7c423c520df981392e5",
                "sha256:702446a012fd9337b9327d168bb0c7dc714eb93ad361f6f61af9ca8305a301f1",
                "sha256:720fafdf3e5c5de93039d8308f765cc60b8e9e7e852ad7135aa65dd89238191f",
                "sha256:72de8c4d71e6b11d54528bb924447fa4fdabcbb3d76cc0e7f61d3b6075def6b3",
                "sha256:765b8b16bc1fd699e183dde642c7f2653b8f3c9c1a50051139908e9683f97732",
                "sha256:7a8b0e526ff239b4f4c61dd6898e2474d609843ffc437267f3a27ddff626e6f6",
                "sha256:7b3478a187d897f003b2aa1793bcc59463e8d57a42e2aafbcbbe9cd47ec46863",
                "sha256:857c16bffd938254e3a834cd6b2a755ed24e1a953b1a86e33da136d3e4c16a6f",
                "sha256:88d6d54e83cf9bbd665ce1e7b9079983ee2d97a05f42e0569ff00a70f1dd8b1e",
                "sha256:95bacf9ff7d1b90bba537d3f5f6c834efe6bfbb1a0195cb3573f29e6716ef08d",
                "sha256:9c8e0e6c5e982699801b20fa74f43c19aa080d2b53a39f3c132d35958e153bd4",
                "sha256:9ea70f6c3f6566159e3798e4593a4a8016994a0080ac29a45200615b45091a1b",
                "sha256:b3af53dddf848afb38b3ac2bae7159ddad1feb9bac14aa3acec6ef1797b82f8d",
                "sha256:ca6db61335d07220de0b665bfee7b8e9615b2dfc67a54016db4826dac34c2dd2",
                "sha256:cb9453c981554984c6f5c5ce7682d7286e65e2173d7416114c3593a977a01bf5",
                "sha256:d92a5eddffb0ad39f582f07c1de26e9daf6880e3e782a94bb7ebaf939567f8bf",
                "sha256:deede160bdf87ddb71f0a1314ad5a267b1a960be314ea7dc6b7ad86da6da89a3",
                "sha256:e3affa03c49cce7b0a9501cc7f608d4f8e61fb2522b276d599ac049b5955576d",
                "sha256:e420cdfca73f80fe15f79bb34756959945231a052440813e5fce531e6e96331a",
                "sha256:e468724173df02f9d83f3fea830bf0d04aa291b5add22b4a78e01c97aab04873",
                "sha256:e5d72be02b17e6bd7919555811264403468d1d052fa67c946e402257c3c29a27",
                "sha256:eec02d9199af4b1ccfe1f9c587691a07a1fa39d949d2c1dc69d079ab9af8212f",
                "sha256:f5457e44d3f26d9946091e92b28f3e970a56538b96c87b4b155a84e32a40b7b5",
                "sha256:f7aad304575d075faf2806977b726b67da7ba294adc97d878f92a062e357a56a"
            ],
            "markers": "python_version >= '2.7' and python_version not in '3.0, 3.1, 3.2, 3.3, 3.4'",
            "version": "==3.13.0"
        },
        "python-dateutil": {
            "hashes": [
                "sha256:0123cacc1627ae19ddf3c27a5de5bd67ee4586fbdd6440d9748f8abb483d3e86",
                "sha256:961d03dc3453ebbc59dbdea9e4e11c5651520a876d0f4db161e8674aae935da9"
            ],
            "markers": "python_version >= '2.7' and python_version not in '3.0, 3.1, 3.2, 3.3'",
            "version": "==2.8.2"
        },
        "python-dotenv": {
            "hashes": [
                "sha256:32b2bdc1873fd3a3c346da1c6db83d0053c3c62f28f1f38516070c4c8971b1d3",
                "sha256:a5de49a31e953b45ff2d2fd434bbc2670e8db5273606c1e737cc6b93eff3655f"
            ],
            "index": "pypi",
            "version": "==0.19.2"
        },
        "redis": {
            "hashes": [
                "sha256:0e7e0cfca8660dea8b7d5cd8c4f6c5e29e11f31158c0b0ae91a397f00e5a05a2",
                "sha256:432b788c4530cfe16d8d943a09d40ca6c16149727e4afe8c2c9d5580c59d9f24"
            ],
            "markers": "python_version >= '2.7' and python_version not in '3.0, 3.1, 3.2, 3.3, 3.4'",
            "version": "==3.5.3"
        },
        "requests": {
            "hashes": [
                "sha256:68d7c56fd5a8999887728ef304a6d12edc7be74f1cfa47714fc8b414525c9a61",
                "sha256:f22fa1e554c9ddfd16e6e41ac79759e17be9e492b3587efa038054674760e72d"
            ],
            "index": "pypi",
            "version": "==2.27.1"
        },
        "sentry-sdk": {
            "hashes": [
                "sha256:4fc7960a82c95d906a0514cf4d9aacba1743eb9863a5b7c2a01c525a7d9b21e6",
                "sha256:f7e54567937ebcbe938c4df1075ec891587faeb7c74184b88cf2894e47c86116"
            ],
            "index": "pypi",
            "version": "==1.5.4"
        },
        "six": {
            "hashes": [
                "sha256:1e61c37477a1626458e36f7b1d82aa5c9b094fa4802892072e49de9c60c4c926",
                "sha256:8abb2f1d86890a2dfb989f9a77cfcfd3e47c2a354b01111771326f8aa26e0254"
            ],
            "markers": "python_version >= '2.7' and python_version not in '3.0, 3.1, 3.2, 3.3'",
            "version": "==1.16.0"
        },
        "soupsieve": {
            "hashes": [
                "sha256:1a3cca2617c6b38c0343ed661b1fa5de5637f257d4fe22bd9f1338010a1efefb",
                "sha256:b8d49b1cd4f037c7082a9683dfa1801aa2597fb11c3a1155b7a5b94829b4f1f9"
            ],
            "markers": "python_version >= '3.6'",
            "version": "==2.3.1"
        },
        "sqlparse": {
            "hashes": [
                "sha256:0c00730c74263a94e5a9919ade150dfc3b19c574389985446148402998287dae",
                "sha256:48719e356bb8b42991bdbb1e8b83223757b93789c00910a616a071910ca4a64d"
            ],
            "markers": "python_version >= '3.5'",
            "version": "==0.4.2"
        },
        "text-unidecode": {
            "hashes": [
                "sha256:1311f10e8b895935241623731c2ba64f4c455287888b18189350b67134a822e8",
                "sha256:bad6603bb14d279193107714b288be206cac565dfa49aa5b105294dd5c4aab93"
            ],
            "version": "==1.3"
        },
        "urllib3": {
            "hashes": [
                "sha256:000ca7f471a233c2251c6c7023ee85305721bfdf18621ebff4fd17a8653427ed",
                "sha256:0e7c33d9a63e7ddfcb86780aac87befc2fbddf46c58dbb487e0855f7ceec283c"
            ],
            "markers": "python_version >= '2.7' and python_version not in '3.0, 3.1, 3.2, 3.3, 3.4' and python_version < '4'",
            "version": "==1.26.8"
        },
        "wcwidth": {
            "hashes": [
                "sha256:beb4802a9cebb9144e99086eff703a642a13d6a0052920003a230f3294bbe784",
                "sha256:c4d647b99872929fdb7bdcaa4fbe7f01413ed3d98077df798530e5b04f116c83"
            ],
            "version": "==0.2.5"
        }
    },
    "develop": {}
}
