{
    "_meta": {
        "hash": {
            "sha256": "8a54957c9e5f61f34f315619d4329fe1f33b484f21202c6f1bcb88e893e1b9b2"
        },
        "pipfile-spec": 6,
        "requires": {
            "python_version": "3"
        },
        "sources": [
            {
                "name": "pypi",
                "url": "https://pypi.org/simple",
                "verify_ssl": true
            }
        ]
    },
    "default": {
        "arrow": {
            "hashes": [
                "sha256:3934b30ca1b9f292376d9db15b19446088d12ec58629bc3f0da28fd55fb633a1",
                "sha256:5a49ab92e3b7b71d96cd6bfcc4df14efefc9dfa96ea19045815914a6ab6b1fe2"
            ],
            "markers": "python_version >= '3.6'",
            "version": "==1.2.3"
        },
        "asgiref": {
            "hashes": [
                "sha256:89b2ef2247e3b562a16eef663bc0e2e703ec6468e2fa8a5cd61cd449786d4f6e",
                "sha256:9e0ce3aa93a819ba5b45120216b23878cf6e8525eb3848653452b4192b92afed"
            ],
            "markers": "python_version >= '3.7'",
            "version": "==3.7.2"
        },
        "beautifulsoup4": {
            "hashes": [
                "sha256:58d5c3d29f5a36ffeb94f02f0d786cd53014cf9b3b3951d42e0080d8a9498d30",
                "sha256:ad9aa55b65ef2808eb405f46cf74df7fcb7044d5cbc26487f96eb2ef2e436693"
            ],
            "index": "pypi",
            "version": "==4.11.1"
        },
        "bitarray": {
            "hashes": [
                "sha256:00a7df14e82b0da37b47f51a1e6a053dbdccbad52627ae6ce6f2516e3ca7db13",
                "sha256:03425503093f28445b7e8c7df5faf2a704e32ee69c80e6dc5518ccea0b876ac9",
                "sha256:06984d12925e595a26da7855a5e868ce9b19b646e4b130e69a85bfcd6ce9227b",
                "sha256:089c707a4997b49cd3a4fb9a4239a9b0aaac59cc937dfa84c9a6862f08634d6f",
                "sha256:0cd43f0943af45a1056f5dbdd10dc07f513d80ede72cac0306a342db6bf87d1d",
                "sha256:0d19fd86aa02dbbec68ffb961a237a0bd2ecfbd92a6815fea9f20e9a3536bd92",
                "sha256:0d47baae8d5618cce60c20111a4ceafd6ed155e5501e0dc9fb9db55408e63e4a",
                "sha256:11447698f2ae9ac6417d25222ab1e6ec087c32d603a9131b2c09ce0911766002",
                "sha256:117d53e1ada8d7f9b8a350bb78597488311637c036da1a6aeb7071527672fdf7",
                "sha256:123d3802e7eafada61854d16c20d0df0c5f1d68da98f9e16059a23d200b5057a",
                "sha256:13dde9b590e27e9b8be9b96b1d697dbb19ca5c790b7d45a5ed310049fe9221b5",
                "sha256:143c9ac7a7f7e155f42bbf1fa547feaf9b4b2c226a25f17ae0d0d537ce9a328d",
                "sha256:16b6144c30aa6661787a25e489335065e44fc4f74518e1e66e4591d669460516",
                "sha256:181394e0da1817d7a72a9b6cad6a77f6cfac5aa70007e21aadfa702fcf0d89eb",
                "sha256:18f7a8d4ebb8c8750e9aafbcfa1b2bfa9b6291baec6d4a31186762956f88cada",
                "sha256:1ddb75bd9bfbdff5231f0218e7cd4fd72653dc0c7baa782c3a95ff3dac4d5556",
                "sha256:1deaaebbae83cf7b6fd252c36a4f03bd820bcf209da1ca400dddbf11064e35ec",
                "sha256:1dfa4b66779ea4bba23ca655edbdd7e8c839daea160c6a1f1c1e6587fb8c79af",
                "sha256:1f90c59309f7208792f46d84adac58d8fdf6db3b1479b40e6386dd39a12950eb",
                "sha256:1fdba2209df0ca379b5276dc48c189f424ec6701158a666876265b2669db9ed7",
                "sha256:216af36c9885a229d493ebdd5aa5648aae8db15b1c79ca6c2ad11b7f9bf4062f",
                "sha256:28dced57e7ee905f0a6287b6288d220d35d0c52ea925d2461b4eef5c16a40263",
                "sha256:2e3636c073b501029256fda1546020b60e0af572a9a5b11f5c50c855113b1fbc",
                "sha256:323d1b9710d1ef320c0b6c1f3d422355b8c371f4c898d0a9d9acb46586fd30d4",
                "sha256:3619bd30f163a3748325677996d4095b56ab1eb21610797f2b59f30e26ad1a7a",
                "sha256:36eb9bdeee9c5988beca491741c4e2611abbea7fbbe3f4ebe35e00d509c40847",
                "sha256:37fe92915561dd688ff450235ce75faa6679940c78f7e002ebc092aa71cadce9",
                "sha256:3a83eedc91f88d31e1e7e386bd7bf65eacd5064af95d5b1ccd512bef3d516a4b",
                "sha256:3d6922dffc5e123e09907b79291951655ec0a2fde7c36a5584eb67c3b769d118",
                "sha256:40997802289d647952449b8bf0ee5c56f1f767e65ab33c63e8f756ba463343a7",
                "sha256:40e6047a049595147518e6fe40759e609559799402efade093a3b67cda9e7ea9",
                "sha256:432ff0eaf79414df582be023748d48c9b3a7d20cead494b7bc70a66cb62fb34f",
                "sha256:45c5e6d5970ade6f98e91341b47722c3d0d68742bf62e3d47b586897c447e78a",
                "sha256:46fb5fbde325fd0bfcd9efd7ea3c5e2c1fd7117ad06e5cf37ca2c6dab539abc4",
                "sha256:4b6650d05ebb92379465393bd279d298ff0a13fbf23bacbd1bcb20d202fccc67",
                "sha256:4e5c53500ee060c36303210d34df0e18636584ae1a70eb427e96fed70189896f",
                "sha256:524b5898248b47a1f39cd54ab739e823bb6469d4b3619e84f246b654a2239262",
                "sha256:5557e41cd92a9f05795980d762e9eca4dee3b393b8a005cb5e091d1e5c319181",
                "sha256:561e6b5a8f4498240f34de67dc672f7a6867c6f28681574a41dc73bb4451b0cb",
                "sha256:599a57c5f0082311bccf7b35a3eaa4fdca7bf59179cb45958a6a418a9b8339d1",
                "sha256:5ff04386b9868cc5961d95c84a8389f5fc4e3a2cbea52499a907deea13f16ae4",
                "sha256:6167bf10c3f773612a65b925edb4c8e002f1b826db6d3e91839153d6030fec17",
                "sha256:62899c1102b47637757ad3448cb32caa4d4d8070986c29abe091711535644192",
                "sha256:639f8ebaad5cec929dd73859d5ab850d4df746272754987720cf52fbbe2ec08e",
                "sha256:66cf402bc4154a074d95f4dec3260497f637112fb982c2335d3bbc174d8c0a2d",
                "sha256:67af0a5f32ec1de99c6baaa2359c47adac245fda20969c169da9b03dacb48fb7",
                "sha256:6897cd0c67c9433faca9023cb5eff25678e056764ce158998e6f30137e9a7f17",
                "sha256:6bd66672c9695e75cf54d1f3f143a85e6b57078a7b86faf0de2c0c97736dfbb4",
                "sha256:6f45bffd00892afa7e455990a9da0bbe0ac2bee978b4bdbb70439345f61b618a",
                "sha256:706835e0e40b4707894af0ddd193eb8bbfb72835db8e4a8be7f6697ddc63c3eb",
                "sha256:741fc4eb77847b5f046559f77e0f822b3ce270774098f075bc712ef9f5c5948d",
                "sha256:74dd172224a2e9fea2818a0d8c892b273fa6de434b953b97a2252572fcf01fb3",
                "sha256:7885e5c23bb2954d913b4e8bb1486a7d2fbf69d27438ef096178eccf1d9e1e7a",
                "sha256:7cd2df3c507ee85219b38e2812174ba8236a77a729f6d9ba3f66faed8661dc3b",
                "sha256:816510e83e61d1f44ff2f138863068451840314774bad1cc2911a1f86c93eb2f",
                "sha256:83f80d6f752d40d633c99c12d24d11774a6c3c3fd02dfd038a0496892fb15ed3",
                "sha256:84137be7d55bed08e3ef507b0bde8311290bf92fba5a9d05069b0d1910217f16",
                "sha256:844e12f06e7167855c7db6838ea4ef08e44621dd4606039a4b5c0c6ca0801edf",
                "sha256:86a563fa4d2bfb2394ac21f71f8e8bb1d606d030b003398efe37c5323df664aa",
                "sha256:8a6593023d03dc71f015efba1ce9319982a49add363050a3e298904ca19b60ef",
                "sha256:8d59ddee615c64a8c37c5bfd48ceea5b88d8808f90234e9154e1e209981a4683",
                "sha256:8d5fc3e73f189daf8f351fefdbad77a6f4edc5ad001aca4a541615322dbe8ee9",
                "sha256:8fb89f6b229ef8fa0e70d9206c57118c2f9bd98c54e3d73c4de00ab8147eed1c",
                "sha256:90f3c63e44eb11424745453da1798ed6abcf6f467a92b75fda7b182cb1fb3e01",
                "sha256:93c5937df1bfbfb17ee17c7717b49cbe04d88fa5d9dcfc1846914318dcf0135b",
                "sha256:951b39a515ed07487df02f0480617500f87b5e01cb36ec775dd30577633bec44",
                "sha256:991dfaee77ecd82d96ddd85d242836de9471940dd89e943feea26549a9170ecb",
                "sha256:9a89b32c81e3e8a5f3fe9b458881ef03c1ba60829ae97999a15e86ea476489c6",
                "sha256:9d4723b41afbd3574d3a72a383f80112aeceaeebbe6204b1e0ac8d4d7f2353b2",
                "sha256:a13d7cfdbcc5604670abb1faaa8e2082b4ce70475922f07bbee3cd999b092698",
                "sha256:a5618e50873f8a5ba96facbf61c5f342ee3212fee4b64c21061a89cb09df4428",
                "sha256:aa54a847ae50050099e23ddc2bf20c7f2792706f95e997095e3551048841fc68",
                "sha256:aa6e51062a9eba797d97390a4c1f7941e489dd807b2de01d6a190d1a69eacf0a",
                "sha256:aabceebde1a450eb363a7ad7a531ab54992520f0a7386844bac7f700d00bb2d3",
                "sha256:ae79e0ed10cf221845e036bc7c3501e467a3bf288768941da1d8d6aaf12fec34",
                "sha256:b101a770d11b4fb0493e649cf3160d8de582e32e517ff3a7d024fad2e6ffe9e1",
                "sha256:b3381e75bb34ca0f455c4a0ac3625e5d9472f79914a3fd15ee1230584eab7d00",
                "sha256:b70caaec1eece68411dfeded34466ad259e852ac4be8ee4001ee7dea4b37a5b2",
                "sha256:b7bf3667e4cb9330b5dc5ae3753e833f398d12cbe14db1baf55cfd6a3ff0052d",
                "sha256:b8c607bfcb43c8230e24c18c368c9773cf37040fb14355ecbc51ad7b7b89be5a",
                "sha256:ba2870bc136b2e76d02a64621e5406daf97b3a333287132344d4029d91ad4197",
                "sha256:bc347f9a869a9c2b224bae65f9ed12bd1f7f97c0cbdfe47e520d6a7ba5aeec52",
                "sha256:cc6b74eef97dc84acb429bb9c48363f88767f02b7d4a3e6dfd274334e0dc002e",
                "sha256:cd0a807a04e69aa9e4ea3314b43beb120dad231fce55c718aa00691595df628f",
                "sha256:cd151c59b3756b05d8d616230211e0fb9ee10826b080f51f3e0bf85775027f8c",
                "sha256:cd69a926a3363e25e94a64408303283c59085be96d71524bdbe6bfc8da2e34e0",
                "sha256:d0952c8417c21ea9eb2532475b2927753d6080f346f953a520e28794297d45f3",
                "sha256:d6b0ce7a00a1b886e2410c20e089f3c701bc179429c681060419bbbf6ea263b7",
                "sha256:dd5dcc4c26d7ef55934fcecea7ebd765313554d86747282c716fa64954cf103d",
                "sha256:dd7aa632610fe03272e01fd006c9db2c102340344b034c9bd63e2ed9e3f895cc",
                "sha256:e006e43ee096922cdaca797b313292a7ee29b43361da7d3d85d859455a0b6339",
                "sha256:e1df5bc9768861178632dab044725ad305170161c08e9aa1d70b074287d5cbd3",
                "sha256:e28b9af8ebeeb19396b7836a06fc1b375a5867cff6a558f7d35420d428a3e2ad",
                "sha256:eb45c7170c84c14d67978ccae74def18076a7e07cece0fc514078f4d5f8d0b71",
                "sha256:ebe2a6a8e714e5845fba173c05e26ca50616a7a7845c304f5c3ffccecda98c11",
                "sha256:ee6df5243fcab8bb2bd14396556f1a28eebf94862bf14c1333ff309177ac62ba",
                "sha256:f00dc03d1c909712a14edafd7edeccf77aca1590928f02f29901d767153b95ef",
                "sha256:f06680947298dca47437a79660c69db6442570dd492e8066ab3bf7166246dee1",
                "sha256:f4916b09f5dafe74133224956ce72399de1be7ca7b4726ce7bf8aac93f9b0ab6",
                "sha256:f59f189ed38ad6fc3ef77a038eae75757b2fe0e3e869085c5db7472f59eaefb3",
                "sha256:f89cd1a17b57810b640344a559de60039bf50de36e0d577f6f72fab7c23ee023",
                "sha256:fb33df6bbe32d2146229e7ad885f654adc1484c7f734633e6dba2af88000b947"
            ],
            "version": "==2.8.0"
        },
        "blessed": {
            "hashes": [
                "sha256:0c542922586a265e699188e52d5f5ac5ec0dd517e5a1041d90d2bbf23f906058",
                "sha256:2cdd67f8746e048f00df47a2880f4d6acbcdb399031b604e34ba8f71d5787680"
            ],
            "markers": "python_version >= '2.7'",
            "version": "==1.20.0"
        },
        "certifi": {
            "hashes": [
                "sha256:539cc1d13202e33ca466e88b2807e29f4c13049d6d87031a3c110744495cb082",
                "sha256:92d6037539857d8206b8f6ae472e8b77db8058fec5937a1ef3f54304089edbb9"
            ],
            "index": "pypi",
            "version": "==2023.7.22"
        },
        "charset-normalizer": {
            "hashes": [
                "sha256:04e57ab9fbf9607b77f7d057974694b4f6b142da9ed4a199859d9d4d5c63fe96",
                "sha256:09393e1b2a9461950b1c9a45d5fd251dc7c6f228acab64da1c9c0165d9c7765c",
                "sha256:0b87549028f680ca955556e3bd57013ab47474c3124dc069faa0b6545b6c9710",
                "sha256:1000fba1057b92a65daec275aec30586c3de2401ccdcd41f8a5c1e2c87078706",
                "sha256:1249cbbf3d3b04902ff081ffbb33ce3377fa6e4c7356f759f3cd076cc138d020",
                "sha256:1920d4ff15ce893210c1f0c0e9d19bfbecb7983c76b33f046c13a8ffbd570252",
                "sha256:193cbc708ea3aca45e7221ae58f0fd63f933753a9bfb498a3b474878f12caaad",
                "sha256:1a100c6d595a7f316f1b6f01d20815d916e75ff98c27a01ae817439ea7726329",
                "sha256:1f30b48dd7fa1474554b0b0f3fdfdd4c13b5c737a3c6284d3cdc424ec0ffff3a",
                "sha256:203f0c8871d5a7987be20c72442488a0b8cfd0f43b7973771640fc593f56321f",
                "sha256:246de67b99b6851627d945db38147d1b209a899311b1305dd84916f2b88526c6",
                "sha256:2dee8e57f052ef5353cf608e0b4c871aee320dd1b87d351c28764fc0ca55f9f4",
                "sha256:2efb1bd13885392adfda4614c33d3b68dee4921fd0ac1d3988f8cbb7d589e72a",
                "sha256:2f4ac36d8e2b4cc1aa71df3dd84ff8efbe3bfb97ac41242fbcfc053c67434f46",
                "sha256:3170c9399da12c9dc66366e9d14da8bf7147e1e9d9ea566067bbce7bb74bd9c2",
                "sha256:3b1613dd5aee995ec6d4c69f00378bbd07614702a315a2cf6c1d21461fe17c23",
                "sha256:3bb3d25a8e6c0aedd251753a79ae98a093c7e7b471faa3aa9a93a81431987ace",
                "sha256:3bb7fda7260735efe66d5107fb7e6af6a7c04c7fce9b2514e04b7a74b06bf5dd",
                "sha256:41b25eaa7d15909cf3ac4c96088c1f266a9a93ec44f87f1d13d4a0e86c81b982",
                "sha256:45de3f87179c1823e6d9e32156fb14c1927fcc9aba21433f088fdfb555b77c10",
                "sha256:46fb8c61d794b78ec7134a715a3e564aafc8f6b5e338417cb19fe9f57a5a9bf2",
                "sha256:48021783bdf96e3d6de03a6e39a1171ed5bd7e8bb93fc84cc649d11490f87cea",
                "sha256:4957669ef390f0e6719db3613ab3a7631e68424604a7b448f079bee145da6e09",
                "sha256:5e86d77b090dbddbe78867a0275cb4df08ea195e660f1f7f13435a4649e954e5",
                "sha256:6339d047dab2780cc6220f46306628e04d9750f02f983ddb37439ca47ced7149",
                "sha256:681eb3d7e02e3c3655d1b16059fbfb605ac464c834a0c629048a30fad2b27489",
                "sha256:6c409c0deba34f147f77efaa67b8e4bb83d2f11c8806405f76397ae5b8c0d1c9",
                "sha256:7095f6fbfaa55defb6b733cfeb14efaae7a29f0b59d8cf213be4e7ca0b857b80",
                "sha256:70c610f6cbe4b9fce272c407dd9d07e33e6bf7b4aa1b7ffb6f6ded8e634e3592",
                "sha256:72814c01533f51d68702802d74f77ea026b5ec52793c791e2da806a3844a46c3",
                "sha256:7a4826ad2bd6b07ca615c74ab91f32f6c96d08f6fcc3902ceeedaec8cdc3bcd6",
                "sha256:7c70087bfee18a42b4040bb9ec1ca15a08242cf5867c58726530bdf3945672ed",
                "sha256:855eafa5d5a2034b4621c74925d89c5efef61418570e5ef9b37717d9c796419c",
                "sha256:8700f06d0ce6f128de3ccdbc1acaea1ee264d2caa9ca05daaf492fde7c2a7200",
                "sha256:89f1b185a01fe560bc8ae5f619e924407efca2191b56ce749ec84982fc59a32a",
                "sha256:8b2c760cfc7042b27ebdb4a43a4453bd829a5742503599144d54a032c5dc7e9e",
                "sha256:8c2f5e83493748286002f9369f3e6607c565a6a90425a3a1fef5ae32a36d749d",
                "sha256:8e098148dd37b4ce3baca71fb394c81dc5d9c7728c95df695d2dca218edf40e6",
                "sha256:94aea8eff76ee6d1cdacb07dd2123a68283cb5569e0250feab1240058f53b623",
                "sha256:95eb302ff792e12aba9a8b8f8474ab229a83c103d74a750ec0bd1c1eea32e669",
                "sha256:9bd9b3b31adcb054116447ea22caa61a285d92e94d710aa5ec97992ff5eb7cf3",
                "sha256:9e608aafdb55eb9f255034709e20d5a83b6d60c054df0802fa9c9883d0a937aa",
                "sha256:a103b3a7069b62f5d4890ae1b8f0597618f628b286b03d4bc9195230b154bfa9",
                "sha256:a386ebe437176aab38c041de1260cd3ea459c6ce5263594399880bbc398225b2",
                "sha256:a38856a971c602f98472050165cea2cdc97709240373041b69030be15047691f",
                "sha256:a401b4598e5d3f4a9a811f3daf42ee2291790c7f9d74b18d75d6e21dda98a1a1",
                "sha256:a7647ebdfb9682b7bb97e2a5e7cb6ae735b1c25008a70b906aecca294ee96cf4",
                "sha256:aaf63899c94de41fe3cf934601b0f7ccb6b428c6e4eeb80da72c58eab077b19a",
                "sha256:b0dac0ff919ba34d4df1b6131f59ce95b08b9065233446be7e459f95554c0dc8",
                "sha256:baacc6aee0b2ef6f3d308e197b5d7a81c0e70b06beae1f1fcacffdbd124fe0e3",
                "sha256:bf420121d4c8dce6b889f0e8e4ec0ca34b7f40186203f06a946fa0276ba54029",
                "sha256:c04a46716adde8d927adb9457bbe39cf473e1e2c2f5d0a16ceb837e5d841ad4f",
                "sha256:c0b21078a4b56965e2b12f247467b234734491897e99c1d51cee628da9786959",
                "sha256:c1c76a1743432b4b60ab3358c937a3fe1341c828ae6194108a94c69028247f22",
                "sha256:c4983bf937209c57240cff65906b18bb35e64ae872da6a0db937d7b4af845dd7",
                "sha256:c4fb39a81950ec280984b3a44f5bd12819953dc5fa3a7e6fa7a80db5ee853952",
                "sha256:c57921cda3a80d0f2b8aec7e25c8aa14479ea92b5b51b6876d975d925a2ea346",
                "sha256:c8063cf17b19661471ecbdb3df1c84f24ad2e389e326ccaf89e3fb2484d8dd7e",
                "sha256:ccd16eb18a849fd8dcb23e23380e2f0a354e8daa0c984b8a732d9cfaba3a776d",
                "sha256:cd6dbe0238f7743d0efe563ab46294f54f9bc8f4b9bcf57c3c666cc5bc9d1299",
                "sha256:d62e51710986674142526ab9f78663ca2b0726066ae26b78b22e0f5e571238dd",
                "sha256:db901e2ac34c931d73054d9797383d0f8009991e723dab15109740a63e7f902a",
                "sha256:e03b8895a6990c9ab2cdcd0f2fe44088ca1c65ae592b8f795c3294af00a461c3",
                "sha256:e1c8a2f4c69e08e89632defbfabec2feb8a8d99edc9f89ce33c4b9e36ab63037",
                "sha256:e4b749b9cc6ee664a3300bb3a273c1ca8068c46be705b6c31cf5d276f8628a94",
                "sha256:e6a5bf2cba5ae1bb80b154ed68a3cfa2fa00fde979a7f50d6598d3e17d9ac20c",
                "sha256:e857a2232ba53ae940d3456f7533ce6ca98b81917d47adc3c7fd55dad8fab858",
                "sha256:ee4006268ed33370957f55bf2e6f4d263eaf4dc3cfc473d1d90baff6ed36ce4a",
                "sha256:eef9df1eefada2c09a5e7a40991b9fc6ac6ef20b1372abd48d2794a316dc0449",
                "sha256:f058f6963fd82eb143c692cecdc89e075fa0828db2e5b291070485390b2f1c9c",
                "sha256:f25c229a6ba38a35ae6e25ca1264621cc25d4d38dca2942a7fce0b67a4efe918",
                "sha256:f2a1d0fd4242bd8643ce6f98927cf9c04540af6efa92323e9d3124f57727bfc1",
                "sha256:f7560358a6811e52e9c4d142d497f1a6e10103d3a6881f18d04dbce3729c0e2c",
                "sha256:f779d3ad205f108d14e99bb3859aa7dd8e9c68874617c72354d7ecaec2a054ac",
                "sha256:f87f746ee241d30d6ed93969de31e5ffd09a2961a051e60ae6bddde9ec3583aa"
            ],
            "markers": "python_version >= '3.7'",
            "version": "==3.2.0"
        },
        "croniter": {
            "hashes": [
                "sha256:12369c67e231c8ce5f98958d76ea6e8cb5b157fda4da7429d245a931e4ed411e",
                "sha256:72ef78d0f8337eb35393b8893ebfbfbeb340f2d2ae47e0d2d78130e34b0dd8b9"
            ],
            "index": "pypi",
            "version": "==1.3.7"
        },
        "django": {
            "hashes": [
                "sha256:26d0260c2fb8121009e62ffc548b2398dea2522b6454208a852fb0ef264c206c",
                "sha256:56343019a9fd839e2e5bf203daf45f25af79d5bffa4c71d56eae4f4404d82ade"
            ],
            "index": "pypi",
            "version": "==4.1.10"
        },
        "django-cors-headers": {
            "hashes": [
                "sha256:37e42883b5f1f2295df6b4bba96eb2417a14a03270cb24b2a07f021cd4487cf4",
                "sha256:f9dc6b4e3f611c3199700b3e5f3398c28757dcd559c2f82932687f3d0443cfdf"
            ],
            "index": "pypi",
            "version": "==3.13.0"
        },
        "django-filter": {
            "hashes": [
                "sha256:ed429e34760127e3520a67f415bec4c905d4649fbe45d0d6da37e6ff5e0287eb",
                "sha256:ed473b76e84f7e83b2511bb2050c3efb36d135207d0128dfe3ae4b36e3594ba5"
            ],
            "index": "pypi",
            "version": "==22.1"
        },
        "django-modeltranslation": {
            "hashes": [
                "sha256:916349b978f2e724749d8581a48e0ea6c4b8c09ef4bbcbf0333eef3901e126f0",
                "sha256:fe6f3e77a2813a2057629637f4858870540529093d2145f13e59dae628bd69cc"
            ],
            "index": "pypi",
            "version": "==0.18.7"
        },
        "django-picklefield": {
            "hashes": [
                "sha256:c786cbeda78d6def2b43bff4840d19787809c8909f7ad683961703060398d356",
                "sha256:d77c504df7311e8ec14e8b779f10ca6fec74de6c7f8e2c136e1ef60cf955125d"
            ],
            "markers": "python_version >= '3'",
            "version": "==3.1"
        },
        "django-q": {
            "extras": [
                "sentry"
            ],
            "hashes": [
                "sha256:1b74ce3a8931990b136903e3a7bc9b07243282a2b5355117246f05ed5d076e68",
                "sha256:5c6b4d530aa3aabf9c6aa57376da1ca2abf89a1562b77038b7a04e52a4a0a91b"
            ],
            "index": "pypi",
            "version": "==1.3.9"
        },
        "django-q-sentry": {
            "hashes": [
                "sha256:9b8b4d7fad253a7d9a47f2c2ab0d9dea83078b7ef45c8849dbb1e4176ef8d050",
                "sha256:bdbd9c7a48d543c2d74ae9a4c9004dfc0965cb11bc145c6cf4de3429be1b58ae"
            ],
            "version": "==0.1.6"
        },
        "feedparser": {
            "hashes": [
                "sha256:27da485f4637ce7163cdeab13a80312b93b7d0c1b775bef4a47629a3110bca51",
                "sha256:79c257d526d13b944e965f6095700587f27388e50ea16fd245babe4dfae7024f"
            ],
            "index": "pypi",
            "version": "==6.0.10"
        },
        "graphql-core": {
            "hashes": [
                "sha256:06d2aad0ac723e35b1cb47885d3e5c45e956a53bc1b209a9fc5369007fe46676",
                "sha256:5766780452bd5ec8ba133f8bf287dc92713e3868ddd83aee4faab9fc3e303dc3"
            ],
            "markers": "python_version >= '3.6' and python_version < '4'",
            "version": "==3.2.3"
        },
        "gunicorn": {
            "hashes": [
                "sha256:9dcc4547dbb1cb284accfb15ab5667a0e5d1881cc443e0677b4882a4067a807e",
                "sha256:e0a968b5ba15f8a328fdfd7ab1fcb5af4470c28aaf7e55df02a99bc13138e6e8"
            ],
            "index": "pypi",
            "version": "==20.1.0"
        },
        "idna": {
            "hashes": [
                "sha256:814f528e8dead7d329833b91c5faa87d60bf71824cd12a7530b5526063d02cb4",
                "sha256:90b77e79eaa3eba6de819a0c442c0b4ceefc341a7a2ab77d7562bf49f425c5c2"
            ],
            "markers": "python_version >= '3.5'",
            "version": "==3.4"
        },
        "mysqlclient": {
            "hashes": [
                "sha256:0d1cd3a5a4d28c222fa199002810e8146cffd821410b67851af4cc80aeccd97c",
                "sha256:828757e419fb11dd6c5ed2576ec92c3efaa93a0f7c39e263586d1ee779c3d782",
                "sha256:996924f3483fd36a34a5812210c69e71dea5a3d5978d01199b78b7f6d485c855",
                "sha256:b355c8b5a7d58f2e909acdbb050858390ee1b0e13672ae759e5e784110022994",
                "sha256:c1ed71bd6244993b526113cca3df66428609f90e4652f37eb51c33496d478b37",
                "sha256:c812b67e90082a840efb82a8978369e6e69fc62ce1bda4ca8f3084a9d862308b",
                "sha256:dea88c8d3f5a5d9293dfe7f087c16dd350ceb175f2f6631c9cf4caf3e19b7a96"
            ],
            "index": "pypi",
            "version": "==2.1.1"
        },
        "pdfreader": {
            "hashes": [
                "sha256:6254ccf8e85bdcfa59d3b67b2f9a8cb61fd659f35100f16903b0f8a1de843bbc"
            ],
            "index": "pypi",
            "version": "==0.1.12"
        },
        "pillow": {
            "hashes": [
                "sha256:00e65f5e822decd501e374b0650146063fbb30a7264b4d2744bdd7b913e0cab5",
                "sha256:040586f7d37b34547153fa383f7f9aed68b738992380ac911447bb78f2abe530",
                "sha256:0b6eb5502f45a60a3f411c63187db83a3d3107887ad0d036c13ce836f8a36f1d",
                "sha256:1ce91b6ec08d866b14413d3f0bbdea7e24dfdc8e59f562bb77bc3fe60b6144ca",
                "sha256:1f62406a884ae75fb2f818694469519fb685cc7eaff05d3451a9ebe55c646891",
                "sha256:22c10cc517668d44b211717fd9775799ccec4124b9a7f7b3635fc5386e584992",
                "sha256:3400aae60685b06bb96f99a21e1ada7bc7a413d5f49bce739828ecd9391bb8f7",
                "sha256:349930d6e9c685c089284b013478d6f76e3a534e36ddfa912cde493f235372f3",
                "sha256:368ab3dfb5f49e312231b6f27b8820c823652b7cd29cfbd34090565a015e99ba",
                "sha256:38250a349b6b390ee6047a62c086d3817ac69022c127f8a5dc058c31ccef17f3",
                "sha256:3a684105f7c32488f7153905a4e3015a3b6c7182e106fe3c37fbb5ef3e6994c3",
                "sha256:3a82c40d706d9aa9734289740ce26460a11aeec2d9c79b7af87bb35f0073c12f",
                "sha256:3b08d4cc24f471b2c8ca24ec060abf4bebc6b144cb89cba638c720546b1cf538",
                "sha256:3ed64f9ca2f0a95411e88a4efbd7a29e5ce2cea36072c53dd9d26d9c76f753b3",
                "sha256:3f07ea8d2f827d7d2a49ecf1639ec02d75ffd1b88dcc5b3a61bbb37a8759ad8d",
                "sha256:520f2a520dc040512699f20fa1c363eed506e94248d71f85412b625026f6142c",
                "sha256:5c6e3df6bdd396749bafd45314871b3d0af81ff935b2d188385e970052091017",
                "sha256:608bfdee0d57cf297d32bcbb3c728dc1da0907519d1784962c5f0c68bb93e5a3",
                "sha256:685ac03cc4ed5ebc15ad5c23bc555d68a87777586d970c2c3e216619a5476223",
                "sha256:76de421f9c326da8f43d690110f0e79fe3ad1e54be811545d7d91898b4c8493e",
                "sha256:76edb0a1fa2b4745fb0c99fb9fb98f8b180a1bbceb8be49b087e0b21867e77d3",
                "sha256:7be600823e4c8631b74e4a0d38384c73f680e6105a7d3c6824fcf226c178c7e6",
                "sha256:81ff539a12457809666fef6624684c008e00ff6bf455b4b89fd00a140eecd640",
                "sha256:88af2003543cc40c80f6fca01411892ec52b11021b3dc22ec3bc9d5afd1c5334",
                "sha256:8c11160913e3dd06c8ffdb5f233a4f254cb449f4dfc0f8f4549eda9e542c93d1",
                "sha256:8f8182b523b2289f7c415f589118228d30ac8c355baa2f3194ced084dac2dbba",
                "sha256:9211e7ad69d7c9401cfc0e23d49b69ca65ddd898976d660a2fa5904e3d7a9baa",
                "sha256:92be919bbc9f7d09f7ae343c38f5bb21c973d2576c1d45600fce4b74bafa7ac0",
                "sha256:9c82b5b3e043c7af0d95792d0d20ccf68f61a1fec6b3530e718b688422727396",
                "sha256:9f7c16705f44e0504a3a2a14197c1f0b32a95731d251777dcb060aa83022cb2d",
                "sha256:9fb218c8a12e51d7ead2a7c9e101a04982237d4855716af2e9499306728fb485",
                "sha256:a74ba0c356aaa3bb8e3eb79606a87669e7ec6444be352870623025d75a14a2bf",
                "sha256:b4f69b3700201b80bb82c3a97d5e9254084f6dd5fb5b16fc1a7b974260f89f43",
                "sha256:bc2ec7c7b5d66b8ec9ce9f720dbb5fa4bace0f545acd34870eff4a369b44bf37",
                "sha256:c189af0545965fa8d3b9613cfdb0cd37f9d71349e0f7750e1fd704648d475ed2",
                "sha256:c1fbe7621c167ecaa38ad29643d77a9ce7311583761abf7836e1510c580bf3dd",
                "sha256:c7cf14a27b0d6adfaebb3ae4153f1e516df54e47e42dcc073d7b3d76111a8d86",
                "sha256:c9f72a021fbb792ce98306ffb0c348b3c9cb967dce0f12a49aa4c3d3fdefa967",
                "sha256:cd25d2a9d2b36fcb318882481367956d2cf91329f6892fe5d385c346c0649629",
                "sha256:ce543ed15570eedbb85df19b0a1a7314a9c8141a36ce089c0a894adbfccb4568",
                "sha256:ce7b031a6fc11365970e6a5686d7ba8c63e4c1cf1ea143811acbb524295eabed",
                "sha256:d35e3c8d9b1268cbf5d3670285feb3528f6680420eafe35cccc686b73c1e330f",
                "sha256:d50b6aec14bc737742ca96e85d6d0a5f9bfbded018264b3b70ff9d8c33485551",
                "sha256:d5d0dae4cfd56969d23d94dc8e89fb6a217be461c69090768227beb8ed28c0a3",
                "sha256:d5db32e2a6ccbb3d34d87c87b432959e0db29755727afb37290e10f6e8e62614",
                "sha256:d72e2ecc68a942e8cf9739619b7f408cc7b272b279b56b2c83c6123fcfa5cdff",
                "sha256:d737a602fbd82afd892ca746392401b634e278cb65d55c4b7a8f48e9ef8d008d",
                "sha256:d80cf684b541685fccdd84c485b31ce73fc5c9b5d7523bf1394ce134a60c6883",
                "sha256:db24668940f82321e746773a4bc617bfac06ec831e5c88b643f91f122a785684",
                "sha256:dbc02381779d412145331789b40cc7b11fdf449e5d94f6bc0b080db0a56ea3f0",
                "sha256:dffe31a7f47b603318c609f378ebcd57f1554a3a6a8effbc59c3c69f804296de",
                "sha256:edf4392b77bdc81f36e92d3a07a5cd072f90253197f4a52a55a8cec48a12483b",
                "sha256:efe8c0681042536e0d06c11f48cebe759707c9e9abf880ee213541c5b46c5bf3",
                "sha256:f31f9fdbfecb042d046f9d91270a0ba28368a723302786c0009ee9b9f1f60199",
                "sha256:f88a0b92277de8e3ca715a0d79d68dc82807457dae3ab8699c758f07c20b3c51",
                "sha256:faaf07ea35355b01a35cb442dd950d8f1bb5b040a7787791a535de13db15ed90"
            ],
            "markers": "python_version >= '3.8'",
            "version": "==10.0.0"
        },
        "pycryptodome": {
            "hashes": [
                "sha256:01489bbdf709d993f3058e2996f8f40fee3f0ea4d995002e5968965fa2fe89fb",
                "sha256:10da29526a2a927c7d64b8f34592f461d92ae55fc97981aab5bbcde8cb465bb6",
                "sha256:12600268763e6fec3cefe4c2dcdf79bde08d0b6dc1813887e789e495cb9f3403",
                "sha256:157c9b5ba5e21b375f052ca78152dd309a09ed04703fd3721dce3ff8ecced148",
                "sha256:16bfd98dbe472c263ed2821284118d899c76968db1a6665ade0c46805e6b29a4",
                "sha256:363dd6f21f848301c2dcdeb3c8ae5f0dee2286a5e952a0f04954b82076f23825",
                "sha256:3811e31e1ac3069988f7a1c9ee7331b942e605dfc0f27330a9ea5997e965efb2",
                "sha256:422c89fd8df8a3bee09fb8d52aaa1e996120eafa565437392b781abec2a56e14",
                "sha256:4604816adebd4faf8810782f137f8426bf45fee97d8427fa8e1e49ea78a52e2c",
                "sha256:4944defabe2ace4803f99543445c27dd1edbe86d7d4edb87b256476a91e9ffa4",
                "sha256:51eae079ddb9c5f10376b4131be9589a6554f6fd84f7f655180937f611cd99a2",
                "sha256:53aee6be8b9b6da25ccd9028caf17dcdce3604f2c7862f5167777b707fbfb6cb",
                "sha256:62a1e8847fabb5213ccde38915563140a5b338f0d0a0d363f996b51e4a6165cf",
                "sha256:6f4b967bb11baea9128ec88c3d02f55a3e338361f5e4934f5240afcb667fdaec",
                "sha256:78d863476e6bad2a592645072cc489bb90320972115d8995bcfbee2f8b209918",
                "sha256:795bd1e4258a2c689c0b1f13ce9684fa0dd4c0e08680dcf597cf9516ed6bc0f3",
                "sha256:7a3d22c8ee63de22336679e021c7f2386f7fc465477d59675caa0e5706387944",
                "sha256:83c75952dcf4a4cebaa850fa257d7a860644c70a7cd54262c237c9f2be26f76e",
                "sha256:928078c530da78ff08e10eb6cada6e0dff386bf3d9fa9871b4bbc9fbc1efe024",
                "sha256:957b221d062d5752716923d14e0926f47670e95fead9d240fa4d4862214b9b2f",
                "sha256:9ad6f09f670c466aac94a40798e0e8d1ef2aa04589c29faa5b9b97566611d1d1",
                "sha256:9c8eda4f260072f7dbe42f473906c659dcbadd5ae6159dfb49af4da1293ae380",
                "sha256:b1d9701d10303eec8d0bd33fa54d44e67b8be74ab449052a8372f12a66f93fb9",
                "sha256:b6a610f8bfe67eab980d6236fdc73bfcdae23c9ed5548192bb2d530e8a92780e",
                "sha256:c9adee653fc882d98956e33ca2c1fb582e23a8af7ac82fee75bd6113c55a0413",
                "sha256:cb1be4d5af7f355e7d41d36d8eec156ef1382a88638e8032215c215b82a4b8ec",
                "sha256:d1497a8cd4728db0e0da3c304856cb37c0c4e3d0b36fcbabcc1600f18504fc54",
                "sha256:d20082bdac9218649f6abe0b885927be25a917e29ae0502eaf2b53f1233ce0c2",
                "sha256:e8ad74044e5f5d2456c11ed4cfd3e34b8d4898c0cb201c4038fe41458a82ea27",
                "sha256:f022a4fd2a5263a5c483a2bb165f9cb27f2be06f2f477113783efe3fe2ad887b",
                "sha256:f21efb8438971aa16924790e1c3dba3a33164eb4000106a55baaed522c261acf",
                "sha256:fc0a73f4db1e31d4a6d71b672a48f3af458f548059aa05e83022d5f61aac9c08"
            ],
            "markers": "python_version >= '2.7' and python_version not in '3.0, 3.1, 3.2, 3.3, 3.4'",
            "version": "==3.18.0"
        },
        "python-dateutil": {
            "hashes": [
                "sha256:0123cacc1627ae19ddf3c27a5de5bd67ee4586fbdd6440d9748f8abb483d3e86",
                "sha256:961d03dc3453ebbc59dbdea9e4e11c5651520a876d0f4db161e8674aae935da9"
            ],
            "markers": "python_version >= '2.7' and python_version not in '3.0, 3.1, 3.2, 3.3'",
            "version": "==2.8.2"
        },
        "python-dotenv": {
            "hashes": [
                "sha256:1684eb44636dd462b66c3ee016599815514527ad99965de77f43e0944634a7e5",
                "sha256:b77d08274639e3d34145dfa6c7008e66df0f04b7be7a75fd0d5292c191d79045"
            ],
            "index": "pypi",
            "version": "==0.21.0"
        },
        "pytz": {
            "hashes": [
                "sha256:222439474e9c98fced559f1709d89e6c9cbf8d79c794ff3eb9f8800064291427",
                "sha256:e89512406b793ca39f5971bc999cc538ce125c0e51c27941bef4568b460095e2"
            ],
            "index": "pypi",
            "version": "==2022.6"
        },
        "redis": {
            "hashes": [
                "sha256:0e7e0cfca8660dea8b7d5cd8c4f6c5e29e11f31158c0b0ae91a397f00e5a05a2",
                "sha256:432b788c4530cfe16d8d943a09d40ca6c16149727e4afe8c2c9d5580c59d9f24"
            ],
            "markers": "python_version >= '2.7' and python_version not in '3.0, 3.1, 3.2, 3.3, 3.4'",
            "version": "==3.5.3"
        },
        "requests": {
            "hashes": [
                "sha256:58cd2187c01e70e6e26505bca751777aa9f2ee0b7f4300988b709f44e013003f",
                "sha256:942c5a758f98d790eaed1a29cb6eefc7ffb0d1cf7af05c3d2791656dbd6ad1e1"
            ],
            "index": "pypi",
            "version": "==2.31.0"
        },
        "sentry-sdk": {
            "hashes": [
                "sha256:273fe05adf052b40fd19f6d4b9a5556316807246bd817e5e3482930730726bb0",
                "sha256:72c00322217d813cf493fe76590b23a757e063ff62fec59299f4af7201dd4448"
            ],
            "index": "pypi",
            "version": "==1.14.0"
        },
        "setuptools": {
            "hashes": [
                "sha256:11e52c67415a381d10d6b462ced9cfb97066179f0e871399e006c4ab101fc85f",
                "sha256:baf1fdb41c6da4cd2eae722e135500da913332ab3f2f5c7d33af9b492acb5235"
            ],
            "markers": "python_version >= '3.7'",
            "version": "==68.0.0"
        },
        "sgmllib3k": {
            "hashes": [
                "sha256:7868fb1c8bfa764c1ac563d3cf369c381d1325d36124933a726f29fcdaa812e9"
            ],
            "version": "==1.0.0"
        },
        "six": {
            "hashes": [
                "sha256:1e61c37477a1626458e36f7b1d82aa5c9b094fa4802892072e49de9c60c4c926",
                "sha256:8abb2f1d86890a2dfb989f9a77cfcfd3e47c2a354b01111771326f8aa26e0254"
            ],
            "markers": "python_version >= '2.7' and python_version not in '3.0, 3.1, 3.2, 3.3'",
            "version": "==1.16.0"
        },
        "soupsieve": {
            "hashes": [
                "sha256:1c1bfee6819544a3447586c889157365a27e10d88cde3ad3da0cf0ddf646feb8",
                "sha256:89d12b2d5dfcd2c9e8c22326da9d9aa9cb3dfab0a83a024f05704076ee8d35ea"
            ],
            "markers": "python_version >= '3.7'",
            "version": "==2.4.1"
        },
        "sqlparse": {
            "hashes": [
                "sha256:5430a4fe2ac7d0f93e66f1efc6e1338a41884b7ddf2a350cedd20ccc4d9d28f3",
                "sha256:d446183e84b8349fa3061f0fe7f06ca94ba65b426946ffebe6e3e8295332420c"
            ],
            "markers": "python_version >= '3.5'",
            "version": "==0.4.4"
        },
        "strawberry-graphql": {
            "hashes": [
                "sha256:69e8252f19615b45c28fd715194c8635852072661a3e745a9a8b506608a9d46d",
                "sha256:8780a072390c6db1b02108d359116f78bbe4bac0061e35b0f495bf710d43327b"
            ],
            "index": "pypi",
            "version": "==0.142.1"
        },
        "strawberry-graphql-django": {
            "hashes": [
                "sha256:8191b0697f2d78b28b04954e8b803c6a31978ae9ec7e5244e6fe53e5d9ea96fb",
                "sha256:ae6f002ad28fbb84d4d22a0d3eb9aa4bc0d86ff89180e68400ce7bc97aa5037b"
            ],
            "index": "pypi",
            "version": "==0.8.1"
        },
        "typing-extensions": {
            "hashes": [
                "sha256:440d5dd3af93b060174bf433bccd69b0babc3b15b1a8dca43789fd7f61514b36",
                "sha256:b75ddc264f0ba5615db7ba217daeb99701ad295353c45f9e95963337ceeeffb2"
            ],
            "markers": "python_version >= '3.7'",
            "version": "==4.7.1"
        },
        "urllib3": {
            "hashes": [
                "sha256:8d22f86aae8ef5e410d4f539fde9ce6b2113a001bb4d189e0aed70642d602b11",
                "sha256:de7df1803967d2c2a98e4b11bb7d6bd9210474c46e8a0401514e3a42a75ebde4"
            ],
            "markers": "python_version >= '3.6'",
            "version": "==2.0.4"
        },
        "wcwidth": {
            "hashes": [
                "sha256:795b138f6875577cd91bba52baf9e445cd5118fd32723b460e30a0af30ea230e",
                "sha256:a5220780a404dbe3353789870978e472cfe477761f06ee55077256e509b156d0"
            ],
            "version": "==0.2.6"
        }
    },
    "develop": {}
}
